// !$*UTF8*$!
{
	archiveVersion = 1;
	classes = {
	};
	objectVersion = 50;
	objects = {

/* Begin PBXBuildFile section */
		5D33523D2957AEA31001D8A0 /* Pods_BSA.framework in Frameworks */ = {isa = PBXBuildFile; fileRef = 2566C1DFDA84E8E36F6DC1D9 /* Pods_BSA.framework */; };
		C10FCFFB20FF51F900A9F9D5 /* AdminReportsDataVC.swift in Sources */ = {isa = PBXBuildFile; fileRef = C10FCFFA20FF51F900A9F9D5 /* AdminReportsDataVC.swift */; };
		C10FCFFD20FFA5E900A9F9D5 /* RAGsAndIncidentsDayViewReportContainerVC.swift in Sources */ = {isa = PBXBuildFile; fileRef = C10FCFFC20FFA5E900A9F9D5 /* RAGsAndIncidentsDayViewReportContainerVC.swift */; };
		C10FCFFF20FFA61300A9F9D5 /* RAGsAndIncidentsWeekViewReportContainerVC.swift in Sources */ = {isa = PBXBuildFile; fileRef = C10FCFFE20FFA61300A9F9D5 /* RAGsAndIncidentsWeekViewReportContainerVC.swift */; };
		C10FD00120FFA63700A9F9D5 /* IncidentCharacteristicsReportContainerVC.swift in Sources */ = {isa = PBXBuildFile; fileRef = C10FD00020FFA63700A9F9D5 /* IncidentCharacteristicsReportContainerVC.swift */; };
		C112DB3620E8D24A009AC85B /* Incident.swift in Sources */ = {isa = PBXBuildFile; fileRef = C112DB3520E8D24A009AC85B /* Incident.swift */; };
		C112DB3820E9606E009AC85B /* ClassReportsVC.swift in Sources */ = {isa = PBXBuildFile; fileRef = C112DB3720E9606E009AC85B /* ClassReportsVC.swift */; };
		C112DB3B20E960B2009AC85B /* ChartCard.swift in Sources */ = {isa = PBXBuildFile; fileRef = C112DB3A20E960B2009AC85B /* ChartCard.swift */; };
		C114EC7E2120852900DEC649 /* GoogleService-Info.plist in Resources */ = {isa = PBXBuildFile; fileRef = C114EC7D2120852900DEC649 /* GoogleService-Info.plist */; };
		C114EC802122CE4900DEC649 /* MaterialTextField.swift in Sources */ = {isa = PBXBuildFile; fileRef = C114EC7F2122CE4900DEC649 /* MaterialTextField.swift */; };
		C119041320F7D078001FD166 /* ClassesTableContainerVC.swift in Sources */ = {isa = PBXBuildFile; fileRef = C119041220F7D078001FD166 /* ClassesTableContainerVC.swift */; };
		C119041520F7D095001FD166 /* StaffTableContainerVC.swift in Sources */ = {isa = PBXBuildFile; fileRef = C119041420F7D095001FD166 /* StaffTableContainerVC.swift */; };
		C119041720F7D0A6001FD166 /* StudentsTableContainerVC.swift in Sources */ = {isa = PBXBuildFile; fileRef = C119041620F7D0A6001FD166 /* StudentsTableContainerVC.swift */; };
		C119041A20F7E1EA001FD166 /* PeopleClassCell.swift in Sources */ = {isa = PBXBuildFile; fileRef = C119041920F7E1EA001FD166 /* PeopleClassCell.swift */; };
		C119041C20F7E209001FD166 /* PeopleStaffCell.swift in Sources */ = {isa = PBXBuildFile; fileRef = C119041B20F7E209001FD166 /* PeopleStaffCell.swift */; };
		C119041E20F7E216001FD166 /* PeopleStudentCell.swift in Sources */ = {isa = PBXBuildFile; fileRef = C119041D20F7E216001FD166 /* PeopleStudentCell.swift */; };
		C131D12720E27A5B00B557F8 /* StudentSelectionVC.swift in Sources */ = {isa = PBXBuildFile; fileRef = C131D12620E27A5B00B557F8 /* StudentSelectionVC.swift */; };
		C131D12A20E281C600B557F8 /* StudentCell.swift in Sources */ = {isa = PBXBuildFile; fileRef = C131D12920E281C600B557F8 /* StudentCell.swift */; };
		C1374A8520D1872A0089E1F4 /* Constants.swift in Sources */ = {isa = PBXBuildFile; fileRef = C1374A8420D1872A0089E1F4 /* Constants.swift */; };
		C1374A8A20D1A2FF0089E1F4 /* AccountCell.swift in Sources */ = {isa = PBXBuildFile; fileRef = C1374A8920D1A2FF0089E1F4 /* AccountCell.swift */; };
		C1374A8E20D1B2370089E1F4 /* OKButton.swift in Sources */ = {isa = PBXBuildFile; fileRef = C1374A8D20D1B2370089E1F4 /* OKButton.swift */; };
		C1374A9020D1B3070089E1F4 /* MaterialTableView.swift in Sources */ = {isa = PBXBuildFile; fileRef = C1374A8F20D1B3070089E1F4 /* MaterialTableView.swift */; };
		C1374A9220D1B3600089E1F4 /* LoginButton.swift in Sources */ = {isa = PBXBuildFile; fileRef = C1374A9120D1B3600089E1F4 /* LoginButton.swift */; };
		C148F8DE20D5078600585BE6 /* RAGAssessmentsVC.swift in Sources */ = {isa = PBXBuildFile; fileRef = C148F8DD20D5078600585BE6 /* RAGAssessmentsVC.swift */; };
		C14EC1D720EB7FC200532CB6 /* ClassTabBarController.swift in Sources */ = {isa = PBXBuildFile; fileRef = C14EC1D620EB7FC200532CB6 /* ClassTabBarController.swift */; };
		C14EC1D920EC1E8300532CB6 /* TransparentCell.swift in Sources */ = {isa = PBXBuildFile; fileRef = C14EC1D820EC1E8300532CB6 /* TransparentCell.swift */; };
		C14EC1DD20EC2E9A00532CB6 /* MaterialTableViewCell.swift in Sources */ = {isa = PBXBuildFile; fileRef = C14EC1DC20EC2E9A00532CB6 /* MaterialTableViewCell.swift */; };
		C156E5A320FC98A900DDB698 /* ViewReportsButton.swift in Sources */ = {isa = PBXBuildFile; fileRef = C156E5A220FC98A900DDB698 /* ViewReportsButton.swift */; };
		C156E5A520FC9A6100DDB698 /* AdminReportsEntityGroupCell.swift in Sources */ = {isa = PBXBuildFile; fileRef = C156E5A420FC9A6100DDB698 /* AdminReportsEntityGroupCell.swift */; };
		C156E5A720FC9A7F00DDB698 /* AdminReportsIndividualEntityCell.swift in Sources */ = {isa = PBXBuildFile; fileRef = C156E5A620FC9A7F00DDB698 /* AdminReportsIndividualEntityCell.swift */; };
		C156E5A920FCA4A600DDB698 /* AdminReportsEntityTableContainerVC.swift in Sources */ = {isa = PBXBuildFile; fileRef = C156E5A820FCA4A600DDB698 /* AdminReportsEntityTableContainerVC.swift */; };
		C17751AE2103CA240061FF5E /* SelectionIndicator.swift in Sources */ = {isa = PBXBuildFile; fileRef = C17751AD2103CA240061FF5E /* SelectionIndicator.swift */; };
		C17751B0210483840061FF5E /* RAGAssessment.swift in Sources */ = {isa = PBXBuildFile; fileRef = C17751AF210483840061FF5E /* RAGAssessment.swift */; };
		C17751B22104F5220061FF5E /* DBSeed.swift in Sources */ = {isa = PBXBuildFile; fileRef = C17751B12104F5220061FF5E /* DBSeed.swift */; };
		C18F16DE20E3856B008E0EAF /* BehaviourSelectionVC.swift in Sources */ = {isa = PBXBuildFile; fileRef = C18F16DD20E3856B008E0EAF /* BehaviourSelectionVC.swift */; };
		C18F16E320E3919F008E0EAF /* BehaviourCell.swift in Sources */ = {isa = PBXBuildFile; fileRef = C18F16E220E3919F008E0EAF /* BehaviourCell.swift */; };
		C18F16E720E3949E008E0EAF /* StaffCell.swift in Sources */ = {isa = PBXBuildFile; fileRef = C18F16E620E3949E008E0EAF /* StaffCell.swift */; };
		C18F16E920E394B0008E0EAF /* PurposeCell.swift in Sources */ = {isa = PBXBuildFile; fileRef = C18F16E820E394B0008E0EAF /* PurposeCell.swift */; };
		C194E13120EE3C1100414F41 /* PeriodButtonArrowView.swift in Sources */ = {isa = PBXBuildFile; fileRef = C194E13020EE3C1100414F41 /* PeriodButtonArrowView.swift */; };
		C194E13320EE3C8900414F41 /* PeriodButtonStatusLabel.swift in Sources */ = {isa = PBXBuildFile; fileRef = C194E13220EE3C8900414F41 /* PeriodButtonStatusLabel.swift */; };
		C194E13520EE77D000414F41 /* UserAccount.swift in Sources */ = {isa = PBXBuildFile; fileRef = C194E13420EE77D000414F41 /* UserAccount.swift */; };
		C19AA0A921077971007E63E8 /* DataService.swift in Sources */ = {isa = PBXBuildFile; fileRef = C19AA0A821077971007E63E8 /* DataService.swift */; };
		C19AA0AB2107CBDC007E63E8 /* ClassReportAnalysis.swift in Sources */ = {isa = PBXBuildFile; fileRef = C19AA0AA2107CBDC007E63E8 /* ClassReportAnalysis.swift */; };
		C19D526C20D27959006DB043 /* RAGVC.swift in Sources */ = {isa = PBXBuildFile; fileRef = C19D526B20D27959006DB043 /* RAGVC.swift */; };
		C19D526F20D28225006DB043 /* SubtitleBarArrowLeft.swift in Sources */ = {isa = PBXBuildFile; fileRef = C19D526E20D28225006DB043 /* SubtitleBarArrowLeft.swift */; };
		C19D527120D28245006DB043 /* SubtitleBarArrowRight.swift in Sources */ = {isa = PBXBuildFile; fileRef = C19D527020D28245006DB043 /* SubtitleBarArrowRight.swift */; };
		C19D527320D2AB48006DB043 /* SubtitleBarButton.swift in Sources */ = {isa = PBXBuildFile; fileRef = C19D527220D2AB48006DB043 /* SubtitleBarButton.swift */; };
		C19D527520D2AC38006DB043 /* SubtitleLabel.swift in Sources */ = {isa = PBXBuildFile; fileRef = C19D527420D2AC38006DB043 /* SubtitleLabel.swift */; };
		C1A17E3F20E79A790004489C /* IncidentFormIntensityCell.swift in Sources */ = {isa = PBXBuildFile; fileRef = C1A17E3E20E79A790004489C /* IncidentFormIntensityCell.swift */; };
		C1A4896C2100F33B0099B67D /* BarLegendView.swift in Sources */ = {isa = PBXBuildFile; fileRef = C1A4896B2100F33B0099B67D /* BarLegendView.swift */; };
		C1A4896E2100F37D0099B67D /* LineLegendView.swift in Sources */ = {isa = PBXBuildFile; fileRef = C1A4896D2100F37D0099B67D /* LineLegendView.swift */; };
		C1A489702100F3CD0099B67D /* RAGsAndIncidentsChartDayViewXAxisFormatter.swift in Sources */ = {isa = PBXBuildFile; fileRef = C1A4896F2100F3CD0099B67D /* RAGsAndIncidentsChartDayViewXAxisFormatter.swift */; };
		C1A489722100F3F30099B67D /* LunchIndicatorView.swift in Sources */ = {isa = PBXBuildFile; fileRef = C1A489712100F3F30099B67D /* LunchIndicatorView.swift */; };
		C1A489742100FDA50099B67D /* ChartDashedMaxValueIndicator.swift in Sources */ = {isa = PBXBuildFile; fileRef = C1A489732100FDA50099B67D /* ChartDashedMaxValueIndicator.swift */; };
		C1A4897621012B2C0099B67D /* RAGsAndIncidentsChartWeekViewXAxisFormatter.swift in Sources */ = {isa = PBXBuildFile; fileRef = C1A4897521012B2C0099B67D /* RAGsAndIncidentsChartWeekViewXAxisFormatter.swift */; };
		C1AA4DEB20DA648A0033E9E9 /* IncidentsVC.swift in Sources */ = {isa = PBXBuildFile; fileRef = C1AA4DEA20DA648A0033E9E9 /* IncidentsVC.swift */; };
		C1AA4DED20DA650F0033E9E9 /* IncidentFormVC.swift in Sources */ = {isa = PBXBuildFile; fileRef = C1AA4DEC20DA650F0033E9E9 /* IncidentFormVC.swift */; };
		C1AA4DF020DA65770033E9E9 /* NewIncidentButton.swift in Sources */ = {isa = PBXBuildFile; fileRef = C1AA4DEF20DA65770033E9E9 /* NewIncidentButton.swift */; };
		C1AA4DF320DA6CC00033E9E9 /* IncidentFormSelectionCell.swift in Sources */ = {isa = PBXBuildFile; fileRef = C1AA4DF220DA6CC00033E9E9 /* IncidentFormSelectionCell.swift */; };
		C1AA4DF520DA76FA0033E9E9 /* CellArrowView.swift in Sources */ = {isa = PBXBuildFile; fileRef = C1AA4DF420DA76FA0033E9E9 /* CellArrowView.swift */; };
		C1AA4DF720DA913B0033E9E9 /* IncidentFormStepperCell.swift in Sources */ = {isa = PBXBuildFile; fileRef = C1AA4DF620DA913B0033E9E9 /* IncidentFormStepperCell.swift */; };
		C1AA4DF920DA9EC40033E9E9 /* IncidentFormSwitchCell.swift in Sources */ = {isa = PBXBuildFile; fileRef = C1AA4DF820DA9EC40033E9E9 /* IncidentFormSwitchCell.swift */; };
		C1AA4DFB20DAA3D10033E9E9 /* IncidentFormSegmentedCell.swift in Sources */ = {isa = PBXBuildFile; fileRef = C1AA4DFA20DAA3D10033E9E9 /* IncidentFormSegmentedCell.swift */; };
		C1AA4DFD20DAA7270033E9E9 /* IncidentFormTextAreaCell.swift in Sources */ = {isa = PBXBuildFile; fileRef = C1AA4DFC20DAA7270033E9E9 /* IncidentFormTextAreaCell.swift */; };
		C1AA4E0020DAEDE20033E9E9 /* MaterialDatePicker.swift in Sources */ = {isa = PBXBuildFile; fileRef = C1AA4DFF20DAEDE20033E9E9 /* MaterialDatePicker.swift */; };
		C1AA4E0220DAEE8F0033E9E9 /* DateTimePickerVC.swift in Sources */ = {isa = PBXBuildFile; fileRef = C1AA4E0120DAEE8F0033E9E9 /* DateTimePickerVC.swift */; };
		C1B3854A20F8B07A00E332D0 /* EntityClassSelectionVC.swift in Sources */ = {isa = PBXBuildFile; fileRef = C1B3854920F8B07A00E332D0 /* EntityClassSelectionVC.swift */; };
		C1B3854E20F8B7E800E332D0 /* EntityDetailsTextFieldCell.swift in Sources */ = {isa = PBXBuildFile; fileRef = C1B3854D20F8B7E800E332D0 /* EntityDetailsTextFieldCell.swift */; };
		C1B3855020F8B80200E332D0 /* EntityDetailsSelectionCell.swift in Sources */ = {isa = PBXBuildFile; fileRef = C1B3854F20F8B80200E332D0 /* EntityDetailsSelectionCell.swift */; };
		C1B3855220F8B81A00E332D0 /* EntityClassSelectionCell.swift in Sources */ = {isa = PBXBuildFile; fileRef = C1B3855120F8B81A00E332D0 /* EntityClassSelectionCell.swift */; };
		C1B88A2820F632BB00CF0C62 /* PeopleVC.swift in Sources */ = {isa = PBXBuildFile; fileRef = C1B88A2720F632BB00CF0C62 /* PeopleVC.swift */; };
		C1B88A2A20F632D400CF0C62 /* AdminReportsVC.swift in Sources */ = {isa = PBXBuildFile; fileRef = C1B88A2920F632D400CF0C62 /* AdminReportsVC.swift */; };
		C1B88A2C20F64CC600CF0C62 /* AdminTabBarController.swift in Sources */ = {isa = PBXBuildFile; fileRef = C1B88A2B20F64CC600CF0C62 /* AdminTabBarController.swift */; };
		C1BB5DBB20D1737E004E16C8 /* AppDelegate.swift in Sources */ = {isa = PBXBuildFile; fileRef = C1BB5DBA20D1737E004E16C8 /* AppDelegate.swift */; };
		C1BB5DC020D1737E004E16C8 /* Main.storyboard in Resources */ = {isa = PBXBuildFile; fileRef = C1BB5DBE20D1737E004E16C8 /* Main.storyboard */; };
		C1BB5DC220D17380004E16C8 /* Assets.xcassets in Resources */ = {isa = PBXBuildFile; fileRef = C1BB5DC120D17380004E16C8 /* Assets.xcassets */; };
		C1BB5DC520D17380004E16C8 /* LaunchScreen.storyboard in Resources */ = {isa = PBXBuildFile; fileRef = C1BB5DC320D17380004E16C8 /* LaunchScreen.storyboard */; };
		C1BB5DD120D17539004E16C8 /* MaterialButton.swift in Sources */ = {isa = PBXBuildFile; fileRef = C1BB5DCD20D17538004E16C8 /* MaterialButton.swift */; };
		C1BB5DD220D17539004E16C8 /* MaterialObject.swift in Sources */ = {isa = PBXBuildFile; fileRef = C1BB5DCE20D17538004E16C8 /* MaterialObject.swift */; };
		C1BB5DD320D17539004E16C8 /* ActionButton.swift in Sources */ = {isa = PBXBuildFile; fileRef = C1BB5DCF20D17538004E16C8 /* ActionButton.swift */; };
		C1BB5DD420D17539004E16C8 /* SubtitleBar.swift in Sources */ = {isa = PBXBuildFile; fileRef = C1BB5DD020D17538004E16C8 /* SubtitleBar.swift */; };
		C1BB5DDB20D17546004E16C8 /* UsernameButton.swift in Sources */ = {isa = PBXBuildFile; fileRef = C1BB5DD620D17545004E16C8 /* UsernameButton.swift */; };
		C1BB5DDD20D17546004E16C8 /* LoginVC.swift in Sources */ = {isa = PBXBuildFile; fileRef = C1BB5DD820D17545004E16C8 /* LoginVC.swift */; };
		C1BB5DDE20D17546004E16C8 /* AnimationEngine.swift in Sources */ = {isa = PBXBuildFile; fileRef = C1BB5DDA20D17546004E16C8 /* AnimationEngine.swift */; };
		C1C8CDF620F9F5C800AD4325 /* ClassDetailsVC.swift in Sources */ = {isa = PBXBuildFile; fileRef = C1C8CDF520F9F5C800AD4325 /* ClassDetailsVC.swift */; };
		C1C8CDF820F9F5DB00AD4325 /* StaffDetailsVC.swift in Sources */ = {isa = PBXBuildFile; fileRef = C1C8CDF720F9F5DB00AD4325 /* StaffDetailsVC.swift */; };
		C1C8CDFA20F9F5E800AD4325 /* StudentDetailsVC.swift in Sources */ = {isa = PBXBuildFile; fileRef = C1C8CDF920F9F5E800AD4325 /* StudentDetailsVC.swift */; };
		C1C9401120EA367600962E41 /* ClassReportDataSet.swift in Sources */ = {isa = PBXBuildFile; fileRef = C1C9401020EA367600962E41 /* ClassReportDataSet.swift */; };
		C1C9401320EA3ED900962E41 /* SchoolClass.swift in Sources */ = {isa = PBXBuildFile; fileRef = C1C9401220EA3ED900962E41 /* SchoolClass.swift */; };
		C1C9401520EA544100962E41 /* ReportItem.swift in Sources */ = {isa = PBXBuildFile; fileRef = C1C9401420EA544100962E41 /* ReportItem.swift */; };
		C1CAF20F20D3B81A004F2190 /* PeriodButton.swift in Sources */ = {isa = PBXBuildFile; fileRef = C1CAF20E20D3B81A004F2190 /* PeriodButton.swift */; };
		C1CF0ACC210335F1001E5744 /* HorizontalBarChartLegend.swift in Sources */ = {isa = PBXBuildFile; fileRef = C1CF0ACB210335F1001E5744 /* HorizontalBarChartLegend.swift */; };
		C1CF0ACE2103361E001E5744 /* PercentFormatter.swift in Sources */ = {isa = PBXBuildFile; fileRef = C1CF0ACD2103361D001E5744 /* PercentFormatter.swift */; };
		C1CF0AD021038996001E5744 /* AdminReportDataSet.swift in Sources */ = {isa = PBXBuildFile; fileRef = C1CF0ACF21038996001E5744 /* AdminReportDataSet.swift */; };
		C1D0881620E4D36A0047D2E4 /* StaffSelectionVC.swift in Sources */ = {isa = PBXBuildFile; fileRef = C1D0881520E4D36A0047D2E4 /* StaffSelectionVC.swift */; };
		C1D0881820E4D4190047D2E4 /* PurposeSelectionVC.swift in Sources */ = {isa = PBXBuildFile; fileRef = C1D0881720E4D4190047D2E4 /* PurposeSelectionVC.swift */; };
		C1D0881A20E4D7070047D2E4 /* Staff.swift in Sources */ = {isa = PBXBuildFile; fileRef = C1D0881920E4D7070047D2E4 /* Staff.swift */; };
		C1D0881E20E527610047D2E4 /* IntensityIndicatorVC.swift in Sources */ = {isa = PBXBuildFile; fileRef = C1D0881D20E527610047D2E4 /* IntensityIndicatorVC.swift */; };
		C1D0882020E527CA0047D2E4 /* NotesVC.swift in Sources */ = {isa = PBXBuildFile; fileRef = C1D0881F20E527CA0047D2E4 /* NotesVC.swift */; };
		C1D0882320E535420047D2E4 /* IntensityIndicator.swift in Sources */ = {isa = PBXBuildFile; fileRef = C1D0882220E535420047D2E4 /* IntensityIndicator.swift */; };
		C1D0882520E53F490047D2E4 /* IndicatorArrow.swift in Sources */ = {isa = PBXBuildFile; fileRef = C1D0882420E53F490047D2E4 /* IndicatorArrow.swift */; };
		C1EA1399210B126C0041C154 /* AdminReportAnalysis.swift in Sources */ = {isa = PBXBuildFile; fileRef = C1EA1398210B126C0041C154 /* AdminReportAnalysis.swift */; };
		C1EF33F820D94A3B009D07B9 /* SaveChangesButton.swift in Sources */ = {isa = PBXBuildFile; fileRef = C1EF33F720D94A3B009D07B9 /* SaveChangesButton.swift */; };
		C1EF33FB20D94BB5009D07B9 /* RAGAssessmentCell.swift in Sources */ = {isa = PBXBuildFile; fileRef = C1EF33FA20D94BB5009D07B9 /* RAGAssessmentCell.swift */; };
		C1EF33FD20D94D06009D07B9 /* Student.swift in Sources */ = {isa = PBXBuildFile; fileRef = C1EF33FC20D94D06009D07B9 /* Student.swift */; };
/* End PBXBuildFile section */

/* Begin PBXFileReference section */
		2566C1DFDA84E8E36F6DC1D9 /* Pods_BSA.framework */ = {isa = PBXFileReference; explicitFileType = wrapper.framework; includeInIndex = 0; path = Pods_BSA.framework; sourceTree = BUILT_PRODUCTS_DIR; };
		9D3259D5D2FCDCDDD62D6D2A /* Pods-BSA.release.xcconfig */ = {isa = PBXFileReference; includeInIndex = 1; lastKnownFileType = text.xcconfig; name = "Pods-BSA.release.xcconfig"; path = "Pods/Target Support Files/Pods-BSA/Pods-BSA.release.xcconfig"; sourceTree = "<group>"; };
		C10FCFFA20FF51F900A9F9D5 /* AdminReportsDataVC.swift */ = {isa = PBXFileReference; lastKnownFileType = sourcecode.swift; path = AdminReportsDataVC.swift; sourceTree = "<group>"; };
		C10FCFFC20FFA5E900A9F9D5 /* RAGsAndIncidentsDayViewReportContainerVC.swift */ = {isa = PBXFileReference; lastKnownFileType = sourcecode.swift; path = RAGsAndIncidentsDayViewReportContainerVC.swift; sourceTree = "<group>"; };
		C10FCFFE20FFA61300A9F9D5 /* RAGsAndIncidentsWeekViewReportContainerVC.swift */ = {isa = PBXFileReference; lastKnownFileType = sourcecode.swift; path = RAGsAndIncidentsWeekViewReportContainerVC.swift; sourceTree = "<group>"; };
		C10FD00020FFA63700A9F9D5 /* IncidentCharacteristicsReportContainerVC.swift */ = {isa = PBXFileReference; lastKnownFileType = sourcecode.swift; path = IncidentCharacteristicsReportContainerVC.swift; sourceTree = "<group>"; };
		C112DB3520E8D24A009AC85B /* Incident.swift */ = {isa = PBXFileReference; lastKnownFileType = sourcecode.swift; path = Incident.swift; sourceTree = "<group>"; };
		C112DB3720E9606E009AC85B /* ClassReportsVC.swift */ = {isa = PBXFileReference; lastKnownFileType = sourcecode.swift; path = ClassReportsVC.swift; sourceTree = "<group>"; };
		C112DB3A20E960B2009AC85B /* ChartCard.swift */ = {isa = PBXFileReference; lastKnownFileType = sourcecode.swift; path = ChartCard.swift; sourceTree = "<group>"; };
		C114EC7D2120852900DEC649 /* GoogleService-Info.plist */ = {isa = PBXFileReference; fileEncoding = 4; lastKnownFileType = text.plist.xml; path = "GoogleService-Info.plist"; sourceTree = "<group>"; };
		C114EC7F2122CE4900DEC649 /* MaterialTextField.swift */ = {isa = PBXFileReference; lastKnownFileType = sourcecode.swift; path = MaterialTextField.swift; sourceTree = "<group>"; };
		C119041220F7D078001FD166 /* ClassesTableContainerVC.swift */ = {isa = PBXFileReference; lastKnownFileType = sourcecode.swift; path = ClassesTableContainerVC.swift; sourceTree = "<group>"; };
		C119041420F7D095001FD166 /* StaffTableContainerVC.swift */ = {isa = PBXFileReference; lastKnownFileType = sourcecode.swift; path = StaffTableContainerVC.swift; sourceTree = "<group>"; };
		C119041620F7D0A6001FD166 /* StudentsTableContainerVC.swift */ = {isa = PBXFileReference; lastKnownFileType = sourcecode.swift; path = StudentsTableContainerVC.swift; sourceTree = "<group>"; };
		C119041920F7E1EA001FD166 /* PeopleClassCell.swift */ = {isa = PBXFileReference; lastKnownFileType = sourcecode.swift; path = PeopleClassCell.swift; sourceTree = "<group>"; };
		C119041B20F7E209001FD166 /* PeopleStaffCell.swift */ = {isa = PBXFileReference; lastKnownFileType = sourcecode.swift; path = PeopleStaffCell.swift; sourceTree = "<group>"; };
		C119041D20F7E216001FD166 /* PeopleStudentCell.swift */ = {isa = PBXFileReference; lastKnownFileType = sourcecode.swift; path = PeopleStudentCell.swift; sourceTree = "<group>"; };
		C131D12620E27A5B00B557F8 /* StudentSelectionVC.swift */ = {isa = PBXFileReference; lastKnownFileType = sourcecode.swift; path = StudentSelectionVC.swift; sourceTree = "<group>"; };
		C131D12920E281C600B557F8 /* StudentCell.swift */ = {isa = PBXFileReference; lastKnownFileType = sourcecode.swift; path = StudentCell.swift; sourceTree = "<group>"; };
		C1374A8420D1872A0089E1F4 /* Constants.swift */ = {isa = PBXFileReference; lastKnownFileType = sourcecode.swift; path = Constants.swift; sourceTree = "<group>"; };
		C1374A8920D1A2FF0089E1F4 /* AccountCell.swift */ = {isa = PBXFileReference; lastKnownFileType = sourcecode.swift; path = AccountCell.swift; sourceTree = "<group>"; };
		C1374A8D20D1B2370089E1F4 /* OKButton.swift */ = {isa = PBXFileReference; lastKnownFileType = sourcecode.swift; path = OKButton.swift; sourceTree = "<group>"; };
		C1374A8F20D1B3070089E1F4 /* MaterialTableView.swift */ = {isa = PBXFileReference; lastKnownFileType = sourcecode.swift; path = MaterialTableView.swift; sourceTree = "<group>"; };
		C1374A9120D1B3600089E1F4 /* LoginButton.swift */ = {isa = PBXFileReference; lastKnownFileType = sourcecode.swift; path = LoginButton.swift; sourceTree = "<group>"; };
		C148F8DD20D5078600585BE6 /* RAGAssessmentsVC.swift */ = {isa = PBXFileReference; lastKnownFileType = sourcecode.swift; path = RAGAssessmentsVC.swift; sourceTree = "<group>"; };
		C14EC1D620EB7FC200532CB6 /* ClassTabBarController.swift */ = {isa = PBXFileReference; lastKnownFileType = sourcecode.swift; path = ClassTabBarController.swift; sourceTree = "<group>"; };
		C14EC1D820EC1E8300532CB6 /* TransparentCell.swift */ = {isa = PBXFileReference; lastKnownFileType = sourcecode.swift; path = TransparentCell.swift; sourceTree = "<group>"; };
		C14EC1DC20EC2E9A00532CB6 /* MaterialTableViewCell.swift */ = {isa = PBXFileReference; lastKnownFileType = sourcecode.swift; path = MaterialTableViewCell.swift; sourceTree = "<group>"; };
		C156E5A220FC98A900DDB698 /* ViewReportsButton.swift */ = {isa = PBXFileReference; lastKnownFileType = sourcecode.swift; path = ViewReportsButton.swift; sourceTree = "<group>"; };
		C156E5A420FC9A6100DDB698 /* AdminReportsEntityGroupCell.swift */ = {isa = PBXFileReference; lastKnownFileType = sourcecode.swift; path = AdminReportsEntityGroupCell.swift; sourceTree = "<group>"; };
		C156E5A620FC9A7F00DDB698 /* AdminReportsIndividualEntityCell.swift */ = {isa = PBXFileReference; lastKnownFileType = sourcecode.swift; path = AdminReportsIndividualEntityCell.swift; sourceTree = "<group>"; };
		C156E5A820FCA4A600DDB698 /* AdminReportsEntityTableContainerVC.swift */ = {isa = PBXFileReference; lastKnownFileType = sourcecode.swift; path = AdminReportsEntityTableContainerVC.swift; sourceTree = "<group>"; };
		C17751AD2103CA240061FF5E /* SelectionIndicator.swift */ = {isa = PBXFileReference; lastKnownFileType = sourcecode.swift; path = SelectionIndicator.swift; sourceTree = "<group>"; };
		C17751AF210483840061FF5E /* RAGAssessment.swift */ = {isa = PBXFileReference; lastKnownFileType = sourcecode.swift; path = RAGAssessment.swift; sourceTree = "<group>"; };
		C17751B12104F5220061FF5E /* DBSeed.swift */ = {isa = PBXFileReference; lastKnownFileType = sourcecode.swift; path = DBSeed.swift; sourceTree = "<group>"; };
		C18F16DD20E3856B008E0EAF /* BehaviourSelectionVC.swift */ = {isa = PBXFileReference; lastKnownFileType = sourcecode.swift; path = BehaviourSelectionVC.swift; sourceTree = "<group>"; };
		C18F16E220E3919F008E0EAF /* BehaviourCell.swift */ = {isa = PBXFileReference; lastKnownFileType = sourcecode.swift; path = BehaviourCell.swift; sourceTree = "<group>"; };
		C18F16E620E3949E008E0EAF /* StaffCell.swift */ = {isa = PBXFileReference; lastKnownFileType = sourcecode.swift; path = StaffCell.swift; sourceTree = "<group>"; };
		C18F16E820E394B0008E0EAF /* PurposeCell.swift */ = {isa = PBXFileReference; lastKnownFileType = sourcecode.swift; path = PurposeCell.swift; sourceTree = "<group>"; };
		C194E13020EE3C1100414F41 /* PeriodButtonArrowView.swift */ = {isa = PBXFileReference; lastKnownFileType = sourcecode.swift; path = PeriodButtonArrowView.swift; sourceTree = "<group>"; };
		C194E13220EE3C8900414F41 /* PeriodButtonStatusLabel.swift */ = {isa = PBXFileReference; lastKnownFileType = sourcecode.swift; path = PeriodButtonStatusLabel.swift; sourceTree = "<group>"; };
		C194E13420EE77D000414F41 /* UserAccount.swift */ = {isa = PBXFileReference; lastKnownFileType = sourcecode.swift; path = UserAccount.swift; sourceTree = "<group>"; };
		C19AA0A821077971007E63E8 /* DataService.swift */ = {isa = PBXFileReference; lastKnownFileType = sourcecode.swift; path = DataService.swift; sourceTree = "<group>"; };
		C19AA0AA2107CBDC007E63E8 /* ClassReportAnalysis.swift */ = {isa = PBXFileReference; lastKnownFileType = sourcecode.swift; path = ClassReportAnalysis.swift; sourceTree = "<group>"; };
		C19D526B20D27959006DB043 /* RAGVC.swift */ = {isa = PBXFileReference; lastKnownFileType = sourcecode.swift; path = RAGVC.swift; sourceTree = "<group>"; };
		C19D526E20D28225006DB043 /* SubtitleBarArrowLeft.swift */ = {isa = PBXFileReference; lastKnownFileType = sourcecode.swift; path = SubtitleBarArrowLeft.swift; sourceTree = "<group>"; };
		C19D527020D28245006DB043 /* SubtitleBarArrowRight.swift */ = {isa = PBXFileReference; lastKnownFileType = sourcecode.swift; path = SubtitleBarArrowRight.swift; sourceTree = "<group>"; };
		C19D527220D2AB48006DB043 /* SubtitleBarButton.swift */ = {isa = PBXFileReference; lastKnownFileType = sourcecode.swift; path = SubtitleBarButton.swift; sourceTree = "<group>"; };
		C19D527420D2AC38006DB043 /* SubtitleLabel.swift */ = {isa = PBXFileReference; lastKnownFileType = sourcecode.swift; path = SubtitleLabel.swift; sourceTree = "<group>"; };
		C1A17E3E20E79A790004489C /* IncidentFormIntensityCell.swift */ = {isa = PBXFileReference; lastKnownFileType = sourcecode.swift; path = IncidentFormIntensityCell.swift; sourceTree = "<group>"; };
		C1A4896B2100F33B0099B67D /* BarLegendView.swift */ = {isa = PBXFileReference; lastKnownFileType = sourcecode.swift; path = BarLegendView.swift; sourceTree = "<group>"; };
		C1A4896D2100F37D0099B67D /* LineLegendView.swift */ = {isa = PBXFileReference; lastKnownFileType = sourcecode.swift; path = LineLegendView.swift; sourceTree = "<group>"; };
		C1A4896F2100F3CD0099B67D /* RAGsAndIncidentsChartDayViewXAxisFormatter.swift */ = {isa = PBXFileReference; lastKnownFileType = sourcecode.swift; path = RAGsAndIncidentsChartDayViewXAxisFormatter.swift; sourceTree = "<group>"; };
		C1A489712100F3F30099B67D /* LunchIndicatorView.swift */ = {isa = PBXFileReference; lastKnownFileType = sourcecode.swift; path = LunchIndicatorView.swift; sourceTree = "<group>"; };
		C1A489732100FDA50099B67D /* ChartDashedMaxValueIndicator.swift */ = {isa = PBXFileReference; lastKnownFileType = sourcecode.swift; path = ChartDashedMaxValueIndicator.swift; sourceTree = "<group>"; };
		C1A4897521012B2C0099B67D /* RAGsAndIncidentsChartWeekViewXAxisFormatter.swift */ = {isa = PBXFileReference; lastKnownFileType = sourcecode.swift; path = RAGsAndIncidentsChartWeekViewXAxisFormatter.swift; sourceTree = "<group>"; };
		C1AA4DEA20DA648A0033E9E9 /* IncidentsVC.swift */ = {isa = PBXFileReference; lastKnownFileType = sourcecode.swift; path = IncidentsVC.swift; sourceTree = "<group>"; };
		C1AA4DEC20DA650F0033E9E9 /* IncidentFormVC.swift */ = {isa = PBXFileReference; lastKnownFileType = sourcecode.swift; path = IncidentFormVC.swift; sourceTree = "<group>"; };
		C1AA4DEF20DA65770033E9E9 /* NewIncidentButton.swift */ = {isa = PBXFileReference; lastKnownFileType = sourcecode.swift; path = NewIncidentButton.swift; sourceTree = "<group>"; };
		C1AA4DF220DA6CC00033E9E9 /* IncidentFormSelectionCell.swift */ = {isa = PBXFileReference; lastKnownFileType = sourcecode.swift; path = IncidentFormSelectionCell.swift; sourceTree = "<group>"; };
		C1AA4DF420DA76FA0033E9E9 /* CellArrowView.swift */ = {isa = PBXFileReference; lastKnownFileType = sourcecode.swift; path = CellArrowView.swift; sourceTree = "<group>"; };
		C1AA4DF620DA913B0033E9E9 /* IncidentFormStepperCell.swift */ = {isa = PBXFileReference; lastKnownFileType = sourcecode.swift; path = IncidentFormStepperCell.swift; sourceTree = "<group>"; };
		C1AA4DF820DA9EC40033E9E9 /* IncidentFormSwitchCell.swift */ = {isa = PBXFileReference; lastKnownFileType = sourcecode.swift; path = IncidentFormSwitchCell.swift; sourceTree = "<group>"; };
		C1AA4DFA20DAA3D10033E9E9 /* IncidentFormSegmentedCell.swift */ = {isa = PBXFileReference; lastKnownFileType = sourcecode.swift; path = IncidentFormSegmentedCell.swift; sourceTree = "<group>"; };
		C1AA4DFC20DAA7270033E9E9 /* IncidentFormTextAreaCell.swift */ = {isa = PBXFileReference; lastKnownFileType = sourcecode.swift; path = IncidentFormTextAreaCell.swift; sourceTree = "<group>"; };
		C1AA4DFF20DAEDE20033E9E9 /* MaterialDatePicker.swift */ = {isa = PBXFileReference; lastKnownFileType = sourcecode.swift; path = MaterialDatePicker.swift; sourceTree = "<group>"; };
		C1AA4E0120DAEE8F0033E9E9 /* DateTimePickerVC.swift */ = {isa = PBXFileReference; lastKnownFileType = sourcecode.swift; path = DateTimePickerVC.swift; sourceTree = "<group>"; };
		C1B3854920F8B07A00E332D0 /* EntityClassSelectionVC.swift */ = {isa = PBXFileReference; lastKnownFileType = sourcecode.swift; path = EntityClassSelectionVC.swift; sourceTree = "<group>"; };
		C1B3854D20F8B7E800E332D0 /* EntityDetailsTextFieldCell.swift */ = {isa = PBXFileReference; lastKnownFileType = sourcecode.swift; path = EntityDetailsTextFieldCell.swift; sourceTree = "<group>"; };
		C1B3854F20F8B80200E332D0 /* EntityDetailsSelectionCell.swift */ = {isa = PBXFileReference; lastKnownFileType = sourcecode.swift; path = EntityDetailsSelectionCell.swift; sourceTree = "<group>"; };
		C1B3855120F8B81A00E332D0 /* EntityClassSelectionCell.swift */ = {isa = PBXFileReference; lastKnownFileType = sourcecode.swift; path = EntityClassSelectionCell.swift; sourceTree = "<group>"; };
		C1B88A2720F632BB00CF0C62 /* PeopleVC.swift */ = {isa = PBXFileReference; lastKnownFileType = sourcecode.swift; path = PeopleVC.swift; sourceTree = "<group>"; };
		C1B88A2920F632D400CF0C62 /* AdminReportsVC.swift */ = {isa = PBXFileReference; lastKnownFileType = sourcecode.swift; path = AdminReportsVC.swift; sourceTree = "<group>"; };
		C1B88A2B20F64CC600CF0C62 /* AdminTabBarController.swift */ = {isa = PBXFileReference; lastKnownFileType = sourcecode.swift; path = AdminTabBarController.swift; sourceTree = "<group>"; };
		C1BB5DB720D1737E004E16C8 /* BSA.app */ = {isa = PBXFileReference; explicitFileType = wrapper.application; includeInIndex = 0; path = BSA.app; sourceTree = BUILT_PRODUCTS_DIR; };
		C1BB5DBA20D1737E004E16C8 /* AppDelegate.swift */ = {isa = PBXFileReference; lastKnownFileType = sourcecode.swift; path = AppDelegate.swift; sourceTree = "<group>"; };
		C1BB5DBF20D1737E004E16C8 /* Base */ = {isa = PBXFileReference; lastKnownFileType = file.storyboard; name = Base; path = Base.lproj/Main.storyboard; sourceTree = "<group>"; };
		C1BB5DC120D17380004E16C8 /* Assets.xcassets */ = {isa = PBXFileReference; lastKnownFileType = folder.assetcatalog; path = Assets.xcassets; sourceTree = "<group>"; };
		C1BB5DC420D17380004E16C8 /* Base */ = {isa = PBXFileReference; lastKnownFileType = file.storyboard; name = Base; path = Base.lproj/LaunchScreen.storyboard; sourceTree = "<group>"; };
		C1BB5DC620D17380004E16C8 /* Info.plist */ = {isa = PBXFileReference; lastKnownFileType = text.plist.xml; path = Info.plist; sourceTree = "<group>"; };
		C1BB5DCD20D17538004E16C8 /* MaterialButton.swift */ = {isa = PBXFileReference; fileEncoding = 4; lastKnownFileType = sourcecode.swift; path = MaterialButton.swift; sourceTree = "<group>"; };
		C1BB5DCE20D17538004E16C8 /* MaterialObject.swift */ = {isa = PBXFileReference; fileEncoding = 4; lastKnownFileType = sourcecode.swift; path = MaterialObject.swift; sourceTree = "<group>"; };
		C1BB5DCF20D17538004E16C8 /* ActionButton.swift */ = {isa = PBXFileReference; fileEncoding = 4; lastKnownFileType = sourcecode.swift; path = ActionButton.swift; sourceTree = "<group>"; };
		C1BB5DD020D17538004E16C8 /* SubtitleBar.swift */ = {isa = PBXFileReference; fileEncoding = 4; lastKnownFileType = sourcecode.swift; path = SubtitleBar.swift; sourceTree = "<group>"; };
		C1BB5DD620D17545004E16C8 /* UsernameButton.swift */ = {isa = PBXFileReference; fileEncoding = 4; lastKnownFileType = sourcecode.swift; path = UsernameButton.swift; sourceTree = "<group>"; };
		C1BB5DD820D17545004E16C8 /* LoginVC.swift */ = {isa = PBXFileReference; fileEncoding = 4; lastKnownFileType = sourcecode.swift; path = LoginVC.swift; sourceTree = "<group>"; };
		C1BB5DDA20D17546004E16C8 /* AnimationEngine.swift */ = {isa = PBXFileReference; fileEncoding = 4; lastKnownFileType = sourcecode.swift; path = AnimationEngine.swift; sourceTree = "<group>"; };
		C1C8CDF520F9F5C800AD4325 /* ClassDetailsVC.swift */ = {isa = PBXFileReference; lastKnownFileType = sourcecode.swift; path = ClassDetailsVC.swift; sourceTree = "<group>"; };
		C1C8CDF720F9F5DB00AD4325 /* StaffDetailsVC.swift */ = {isa = PBXFileReference; lastKnownFileType = sourcecode.swift; path = StaffDetailsVC.swift; sourceTree = "<group>"; };
		C1C8CDF920F9F5E800AD4325 /* StudentDetailsVC.swift */ = {isa = PBXFileReference; lastKnownFileType = sourcecode.swift; path = StudentDetailsVC.swift; sourceTree = "<group>"; };
		C1C9401020EA367600962E41 /* ClassReportDataSet.swift */ = {isa = PBXFileReference; lastKnownFileType = sourcecode.swift; path = ClassReportDataSet.swift; sourceTree = "<group>"; };
		C1C9401220EA3ED900962E41 /* SchoolClass.swift */ = {isa = PBXFileReference; lastKnownFileType = sourcecode.swift; path = SchoolClass.swift; sourceTree = "<group>"; };
		C1C9401420EA544100962E41 /* ReportItem.swift */ = {isa = PBXFileReference; lastKnownFileType = sourcecode.swift; path = ReportItem.swift; sourceTree = "<group>"; };
		C1CAF20E20D3B81A004F2190 /* PeriodButton.swift */ = {isa = PBXFileReference; lastKnownFileType = sourcecode.swift; path = PeriodButton.swift; sourceTree = "<group>"; };
		C1CF0ACB210335F1001E5744 /* HorizontalBarChartLegend.swift */ = {isa = PBXFileReference; lastKnownFileType = sourcecode.swift; path = HorizontalBarChartLegend.swift; sourceTree = "<group>"; };
		C1CF0ACD2103361D001E5744 /* PercentFormatter.swift */ = {isa = PBXFileReference; lastKnownFileType = sourcecode.swift; path = PercentFormatter.swift; sourceTree = "<group>"; };
		C1CF0ACF21038996001E5744 /* AdminReportDataSet.swift */ = {isa = PBXFileReference; lastKnownFileType = sourcecode.swift; path = AdminReportDataSet.swift; sourceTree = "<group>"; };
		C1D0881520E4D36A0047D2E4 /* StaffSelectionVC.swift */ = {isa = PBXFileReference; lastKnownFileType = sourcecode.swift; path = StaffSelectionVC.swift; sourceTree = "<group>"; };
		C1D0881720E4D4190047D2E4 /* PurposeSelectionVC.swift */ = {isa = PBXFileReference; lastKnownFileType = sourcecode.swift; path = PurposeSelectionVC.swift; sourceTree = "<group>"; };
		C1D0881920E4D7070047D2E4 /* Staff.swift */ = {isa = PBXFileReference; lastKnownFileType = sourcecode.swift; path = Staff.swift; sourceTree = "<group>"; };
		C1D0881D20E527610047D2E4 /* IntensityIndicatorVC.swift */ = {isa = PBXFileReference; lastKnownFileType = sourcecode.swift; path = IntensityIndicatorVC.swift; sourceTree = "<group>"; };
		C1D0881F20E527CA0047D2E4 /* NotesVC.swift */ = {isa = PBXFileReference; lastKnownFileType = sourcecode.swift; path = NotesVC.swift; sourceTree = "<group>"; };
		C1D0882220E535420047D2E4 /* IntensityIndicator.swift */ = {isa = PBXFileReference; lastKnownFileType = sourcecode.swift; path = IntensityIndicator.swift; sourceTree = "<group>"; };
		C1D0882420E53F490047D2E4 /* IndicatorArrow.swift */ = {isa = PBXFileReference; lastKnownFileType = sourcecode.swift; path = IndicatorArrow.swift; sourceTree = "<group>"; };
		C1EA1398210B126C0041C154 /* AdminReportAnalysis.swift */ = {isa = PBXFileReference; lastKnownFileType = sourcecode.swift; path = AdminReportAnalysis.swift; sourceTree = "<group>"; };
		C1EF33F720D94A3B009D07B9 /* SaveChangesButton.swift */ = {isa = PBXFileReference; lastKnownFileType = sourcecode.swift; path = SaveChangesButton.swift; sourceTree = "<group>"; };
		C1EF33FA20D94BB5009D07B9 /* RAGAssessmentCell.swift */ = {isa = PBXFileReference; lastKnownFileType = sourcecode.swift; path = RAGAssessmentCell.swift; sourceTree = "<group>"; };
		C1EF33FC20D94D06009D07B9 /* Student.swift */ = {isa = PBXFileReference; lastKnownFileType = sourcecode.swift; path = Student.swift; sourceTree = "<group>"; };
		EE0B44BC19C7FF94F144BE20 /* Pods-BSA.debug.xcconfig */ = {isa = PBXFileReference; includeInIndex = 1; lastKnownFileType = text.xcconfig; name = "Pods-BSA.debug.xcconfig"; path = "Pods/Target Support Files/Pods-BSA/Pods-BSA.debug.xcconfig"; sourceTree = "<group>"; };
/* End PBXFileReference section */

/* Begin PBXFrameworksBuildPhase section */
		C1BB5DB420D1737E004E16C8 /* Frameworks */ = {
			isa = PBXFrameworksBuildPhase;
			buildActionMask = 2147483647;
			files = (
				5D33523D2957AEA31001D8A0 /* Pods_BSA.framework in Frameworks */,
			);
			runOnlyForDeploymentPostprocessing = 0;
		};
/* End PBXFrameworksBuildPhase section */

/* Begin PBXGroup section */
		040C8F1F6685DCC9B3CA86A9 /* Frameworks */ = {
			isa = PBXGroup;
			children = (
				2566C1DFDA84E8E36F6DC1D9 /* Pods_BSA.framework */,
			);
			name = Frameworks;
			sourceTree = "<group>";
		};
		C119041120F7D043001FD166 /* People_Screens */ = {
			isa = PBXGroup;
			children = (
				C1B88A2720F632BB00CF0C62 /* PeopleVC.swift */,
				C119041220F7D078001FD166 /* ClassesTableContainerVC.swift */,
				C119041420F7D095001FD166 /* StaffTableContainerVC.swift */,
				C119041620F7D0A6001FD166 /* StudentsTableContainerVC.swift */,
				C1C8CDF520F9F5C800AD4325 /* ClassDetailsVC.swift */,
				C1C8CDF720F9F5DB00AD4325 /* StaffDetailsVC.swift */,
				C1C8CDF920F9F5E800AD4325 /* StudentDetailsVC.swift */,
				C1B3854920F8B07A00E332D0 /* EntityClassSelectionVC.swift */,
			);
			path = People_Screens;
			sourceTree = "<group>";
		};
		C119041820F7E1BB001FD166 /* People_Screen */ = {
			isa = PBXGroup;
			children = (
				C119041920F7E1EA001FD166 /* PeopleClassCell.swift */,
				C119041B20F7E209001FD166 /* PeopleStaffCell.swift */,
				C119041D20F7E216001FD166 /* PeopleStudentCell.swift */,
			);
			path = People_Screen;
			sourceTree = "<group>";
		};
		C131D12820E2818000B557F8 /* StudentInvolved_Screen */ = {
			isa = PBXGroup;
			children = (
				C131D12920E281C600B557F8 /* StudentCell.swift */,
			);
			path = StudentInvolved_Screen;
			sourceTree = "<group>";
		};
		C1374A8620D1A1BA0089E1F4 /* Views */ = {
			isa = PBXGroup;
			children = (
				C1BB5DCC20D17538004E16C8 /* Base_Components */,
				C17CF43320EF8DAE0035B2B2 /* Chart_Components */,
				C156E59C20FC8F5200DDB698 /* Screen_Components */,
			);
			path = Views;
			sourceTree = "<group>";
		};
		C1374A8820D1A2730089E1F4 /* Login_Screen */ = {
			isa = PBXGroup;
			children = (
				C1BB5DD620D17545004E16C8 /* UsernameButton.swift */,
				C1374A9120D1B3600089E1F4 /* LoginButton.swift */,
				C1374A8920D1A2FF0089E1F4 /* AccountCell.swift */,
			);
			path = Login_Screen;
			sourceTree = "<group>";
		};
		C156E59B20FC8EFF00DDB698 /* Login_Screens */ = {
			isa = PBXGroup;
			children = (
				C1BB5DD820D17545004E16C8 /* LoginVC.swift */,
			);
			path = Login_Screens;
			sourceTree = "<group>";
		};
		C156E59C20FC8F5200DDB698 /* Screen_Components */ = {
			isa = PBXGroup;
			children = (
				C1374A8820D1A2730089E1F4 /* Login_Screen */,
				C19D526D20D281ED006DB043 /* RAG_Screen */,
				C1EF33F920D94B6C009D07B9 /* RAGAssessments_Screen */,
				C1AA4DEE20DA65370033E9E9 /* Incidents_Screen */,
				C1AA4DF120DA6C750033E9E9 /* IncidentForm_Screen */,
				C1AA4DFE20DAEDA70033E9E9 /* DateTimePicker_Screen */,
				C131D12820E2818000B557F8 /* StudentInvolved_Screen */,
				C18F16E120E38B46008E0EAF /* BehaviourSelection_Screen */,
				C18F16E420E3946F008E0EAF /* StaffSelection_Screen */,
				C18F16E520E39480008E0EAF /* PurposeSelection_Screen */,
				C119041820F7E1BB001FD166 /* People_Screen */,
				C1B3854B20F8B77300E332D0 /* EntityDetails_Screens */,
				C1B3854C20F8B78D00E332D0 /* EntityClassSelection_Screen */,
				C156E5A120FC985B00DDB698 /* AdminReports_Screen */,
			);
			path = Screen_Components;
			sourceTree = "<group>";
		};
		C156E59D20FC8FFB00DDB698 /* RAG_Screens */ = {
			isa = PBXGroup;
			children = (
				C19D526B20D27959006DB043 /* RAGVC.swift */,
				C148F8DD20D5078600585BE6 /* RAGAssessmentsVC.swift */,
			);
			path = RAG_Screens;
			sourceTree = "<group>";
		};
		C156E59E20FC901F00DDB698 /* Incident_Screens */ = {
			isa = PBXGroup;
			children = (
				C1AA4DEA20DA648A0033E9E9 /* IncidentsVC.swift */,
				C1AA4DEC20DA650F0033E9E9 /* IncidentFormVC.swift */,
				C1AA4E0120DAEE8F0033E9E9 /* DateTimePickerVC.swift */,
				C131D12620E27A5B00B557F8 /* StudentSelectionVC.swift */,
				C18F16DD20E3856B008E0EAF /* BehaviourSelectionVC.swift */,
				C1D0881D20E527610047D2E4 /* IntensityIndicatorVC.swift */,
				C1D0881520E4D36A0047D2E4 /* StaffSelectionVC.swift */,
				C1D0881720E4D4190047D2E4 /* PurposeSelectionVC.swift */,
				C1D0881F20E527CA0047D2E4 /* NotesVC.swift */,
			);
			path = Incident_Screens;
			sourceTree = "<group>";
		};
		C156E59F20FC903200DDB698 /* ClassReports_Screen */ = {
			isa = PBXGroup;
			children = (
				C112DB3720E9606E009AC85B /* ClassReportsVC.swift */,
			);
			path = ClassReports_Screen;
			sourceTree = "<group>";
		};
		C156E5A020FC905B00DDB698 /* AdminReports_Screens */ = {
			isa = PBXGroup;
			children = (
				C1B88A2920F632D400CF0C62 /* AdminReportsVC.swift */,
				C156E5A820FCA4A600DDB698 /* AdminReportsEntityTableContainerVC.swift */,
				C10FCFFA20FF51F900A9F9D5 /* AdminReportsDataVC.swift */,
				C10FCFFC20FFA5E900A9F9D5 /* RAGsAndIncidentsDayViewReportContainerVC.swift */,
				C10FCFFE20FFA61300A9F9D5 /* RAGsAndIncidentsWeekViewReportContainerVC.swift */,
				C10FD00020FFA63700A9F9D5 /* IncidentCharacteristicsReportContainerVC.swift */,
			);
			path = AdminReports_Screens;
			sourceTree = "<group>";
		};
		C156E5A120FC985B00DDB698 /* AdminReports_Screen */ = {
			isa = PBXGroup;
			children = (
				C156E5A220FC98A900DDB698 /* ViewReportsButton.swift */,
				C156E5A420FC9A6100DDB698 /* AdminReportsEntityGroupCell.swift */,
				C156E5A620FC9A7F00DDB698 /* AdminReportsIndividualEntityCell.swift */,
			);
			path = AdminReports_Screen;
			sourceTree = "<group>";
		};
		C17CF43320EF8DAE0035B2B2 /* Chart_Components */ = {
			isa = PBXGroup;
			children = (
				C112DB3A20E960B2009AC85B /* ChartCard.swift */,
				C1C9401420EA544100962E41 /* ReportItem.swift */,
				C1D0882220E535420047D2E4 /* IntensityIndicator.swift */,
				C1D0882420E53F490047D2E4 /* IndicatorArrow.swift */,
				C1A4896B2100F33B0099B67D /* BarLegendView.swift */,
				C1A4896D2100F37D0099B67D /* LineLegendView.swift */,
				C1A489712100F3F30099B67D /* LunchIndicatorView.swift */,
				C1A4896F2100F3CD0099B67D /* RAGsAndIncidentsChartDayViewXAxisFormatter.swift */,
				C1A4897521012B2C0099B67D /* RAGsAndIncidentsChartWeekViewXAxisFormatter.swift */,
				C1A489732100FDA50099B67D /* ChartDashedMaxValueIndicator.swift */,
				C1CF0ACB210335F1001E5744 /* HorizontalBarChartLegend.swift */,
				C1CF0ACD2103361D001E5744 /* PercentFormatter.swift */,
			);
			path = Chart_Components;
			sourceTree = "<group>";
		};
		C18F16E120E38B46008E0EAF /* BehaviourSelection_Screen */ = {
			isa = PBXGroup;
			children = (
				C18F16E220E3919F008E0EAF /* BehaviourCell.swift */,
			);
			path = BehaviourSelection_Screen;
			sourceTree = "<group>";
		};
		C18F16E420E3946F008E0EAF /* StaffSelection_Screen */ = {
			isa = PBXGroup;
			children = (
				C18F16E620E3949E008E0EAF /* StaffCell.swift */,
			);
			path = StaffSelection_Screen;
			sourceTree = "<group>";
		};
		C18F16E520E39480008E0EAF /* PurposeSelection_Screen */ = {
			isa = PBXGroup;
			children = (
				C18F16E820E394B0008E0EAF /* PurposeCell.swift */,
			);
			path = PurposeSelection_Screen;
			sourceTree = "<group>";
		};
		C19D526D20D281ED006DB043 /* RAG_Screen */ = {
			isa = PBXGroup;
			children = (
				C19D526E20D28225006DB043 /* SubtitleBarArrowLeft.swift */,
				C19D527020D28245006DB043 /* SubtitleBarArrowRight.swift */,
				C19D527220D2AB48006DB043 /* SubtitleBarButton.swift */,
				C19D527420D2AC38006DB043 /* SubtitleLabel.swift */,
				C1CAF20E20D3B81A004F2190 /* PeriodButton.swift */,
				C194E13020EE3C1100414F41 /* PeriodButtonArrowView.swift */,
				C194E13220EE3C8900414F41 /* PeriodButtonStatusLabel.swift */,
			);
			path = RAG_Screen;
			sourceTree = "<group>";
		};
		C1AA4DEE20DA65370033E9E9 /* Incidents_Screen */ = {
			isa = PBXGroup;
			children = (
				C1AA4DEF20DA65770033E9E9 /* NewIncidentButton.swift */,
			);
			path = Incidents_Screen;
			sourceTree = "<group>";
		};
		C1AA4DF120DA6C750033E9E9 /* IncidentForm_Screen */ = {
			isa = PBXGroup;
			children = (
				C1AA4DF220DA6CC00033E9E9 /* IncidentFormSelectionCell.swift */,
				C1A17E3E20E79A790004489C /* IncidentFormIntensityCell.swift */,
				C1AA4DF620DA913B0033E9E9 /* IncidentFormStepperCell.swift */,
				C1AA4DF820DA9EC40033E9E9 /* IncidentFormSwitchCell.swift */,
				C1AA4DFA20DAA3D10033E9E9 /* IncidentFormSegmentedCell.swift */,
				C1AA4DFC20DAA7270033E9E9 /* IncidentFormTextAreaCell.swift */,
			);
			path = IncidentForm_Screen;
			sourceTree = "<group>";
		};
		C1AA4DFE20DAEDA70033E9E9 /* DateTimePicker_Screen */ = {
			isa = PBXGroup;
			children = (
				C1AA4DFF20DAEDE20033E9E9 /* MaterialDatePicker.swift */,
			);
			path = DateTimePicker_Screen;
			sourceTree = "<group>";
		};
		C1B3854B20F8B77300E332D0 /* EntityDetails_Screens */ = {
			isa = PBXGroup;
			children = (
				C1B3854D20F8B7E800E332D0 /* EntityDetailsTextFieldCell.swift */,
				C1B3854F20F8B80200E332D0 /* EntityDetailsSelectionCell.swift */,
			);
			path = EntityDetails_Screens;
			sourceTree = "<group>";
		};
		C1B3854C20F8B78D00E332D0 /* EntityClassSelection_Screen */ = {
			isa = PBXGroup;
			children = (
				C1B3855120F8B81A00E332D0 /* EntityClassSelectionCell.swift */,
			);
			path = EntityClassSelection_Screen;
			sourceTree = "<group>";
		};
		C1BB5DAE20D1737E004E16C8 = {
			isa = PBXGroup;
			children = (
				C1BB5DB920D1737E004E16C8 /* BSA */,
				C1BB5DBE20D1737E004E16C8 /* Main.storyboard */,
				C1BB5DC120D17380004E16C8 /* Assets.xcassets */,
				C1BB5DC320D17380004E16C8 /* LaunchScreen.storyboard */,
				C1BB5DC620D17380004E16C8 /* Info.plist */,
				C1BB5DB820D1737E004E16C8 /* Products */,
				F5D810F2B43D5726D86D270F /* Pods */,
				040C8F1F6685DCC9B3CA86A9 /* Frameworks */,
			);
			sourceTree = "<group>";
		};
		C1BB5DB820D1737E004E16C8 /* Products */ = {
			isa = PBXGroup;
			children = (
				C1BB5DB720D1737E004E16C8 /* BSA.app */,
			);
			name = Products;
			sourceTree = "<group>";
		};
		C1BB5DB920D1737E004E16C8 /* BSA */ = {
			isa = PBXGroup;
			children = (
				C1BB5DD920D17546004E16C8 /* Model */,
				C1374A8620D1A1BA0089E1F4 /* Views */,
				C1BB5DD520D17545004E16C8 /* Controllers */,
			);
			path = BSA;
			sourceTree = "<group>";
		};
		C1BB5DCC20D17538004E16C8 /* Base_Components */ = {
			isa = PBXGroup;
			children = (
				C1BB5DCE20D17538004E16C8 /* MaterialObject.swift */,
				C1BB5DD020D17538004E16C8 /* SubtitleBar.swift */,
				C1374A8F20D1B3070089E1F4 /* MaterialTableView.swift */,
				C14EC1DC20EC2E9A00532CB6 /* MaterialTableViewCell.swift */,
				C1BB5DCD20D17538004E16C8 /* MaterialButton.swift */,
				C1BB5DCF20D17538004E16C8 /* ActionButton.swift */,
				C114EC7F2122CE4900DEC649 /* MaterialTextField.swift */,
				C1374A8D20D1B2370089E1F4 /* OKButton.swift */,
				C1EF33F720D94A3B009D07B9 /* SaveChangesButton.swift */,
				C14EC1D620EB7FC200532CB6 /* ClassTabBarController.swift */,
				C1B88A2B20F64CC600CF0C62 /* AdminTabBarController.swift */,
				C14EC1D820EC1E8300532CB6 /* TransparentCell.swift */,
				C1AA4DF420DA76FA0033E9E9 /* CellArrowView.swift */,
			);
			path = Base_Components;
			sourceTree = "<group>";
		};
		C1BB5DD520D17545004E16C8 /* Controllers */ = {
			isa = PBXGroup;
			children = (
				C156E59B20FC8EFF00DDB698 /* Login_Screens */,
				C156E59D20FC8FFB00DDB698 /* RAG_Screens */,
				C156E59E20FC901F00DDB698 /* Incident_Screens */,
				C156E59F20FC903200DDB698 /* ClassReports_Screen */,
				C119041120F7D043001FD166 /* People_Screens */,
				C156E5A020FC905B00DDB698 /* AdminReports_Screens */,
			);
			path = Controllers;
			sourceTree = "<group>";
		};
		C1BB5DD920D17546004E16C8 /* Model */ = {
			isa = PBXGroup;
			children = (
				C114EC7D2120852900DEC649 /* GoogleService-Info.plist */,
				C1BB5DBA20D1737E004E16C8 /* AppDelegate.swift */,
				C1374A8420D1872A0089E1F4 /* Constants.swift */,
				C1BB5DDA20D17546004E16C8 /* AnimationEngine.swift */,
				C19AA0A821077971007E63E8 /* DataService.swift */,
				C19AA0AA2107CBDC007E63E8 /* ClassReportAnalysis.swift */,
				C1EA1398210B126C0041C154 /* AdminReportAnalysis.swift */,
				C17751B12104F5220061FF5E /* DBSeed.swift */,
				C194E13420EE77D000414F41 /* UserAccount.swift */,
				C1C9401220EA3ED900962E41 /* SchoolClass.swift */,
				C1D0881920E4D7070047D2E4 /* Staff.swift */,
				C1EF33FC20D94D06009D07B9 /* Student.swift */,
				C112DB3520E8D24A009AC85B /* Incident.swift */,
				C17751AF210483840061FF5E /* RAGAssessment.swift */,
				C1C9401020EA367600962E41 /* ClassReportDataSet.swift */,
				C1CF0ACF21038996001E5744 /* AdminReportDataSet.swift */,
			);
			path = Model;
			sourceTree = "<group>";
		};
		C1EF33F920D94B6C009D07B9 /* RAGAssessments_Screen */ = {
			isa = PBXGroup;
			children = (
				C1EF33FA20D94BB5009D07B9 /* RAGAssessmentCell.swift */,
				C17751AD2103CA240061FF5E /* SelectionIndicator.swift */,
			);
			path = RAGAssessments_Screen;
			sourceTree = "<group>";
		};
		F5D810F2B43D5726D86D270F /* Pods */ = {
			isa = PBXGroup;
			children = (
				EE0B44BC19C7FF94F144BE20 /* Pods-BSA.debug.xcconfig */,
				9D3259D5D2FCDCDDD62D6D2A /* Pods-BSA.release.xcconfig */,
			);
			name = Pods;
			sourceTree = "<group>";
		};
/* End PBXGroup section */

/* Begin PBXNativeTarget section */
		C1BB5DB620D1737E004E16C8 /* BSA */ = {
			isa = PBXNativeTarget;
			buildConfigurationList = C1BB5DC920D17380004E16C8 /* Build configuration list for PBXNativeTarget "BSA" */;
			buildPhases = (
				BE63BF0DE0EFB09E6310F1D9 /* [CP] Check Pods Manifest.lock */,
				C1BB5DB320D1737E004E16C8 /* Sources */,
				C1BB5DB420D1737E004E16C8 /* Frameworks */,
				C1BB5DB520D1737E004E16C8 /* Resources */,
				7D30F8E99F379DF58F244521 /* [CP] Embed Pods Frameworks */,
			);
			buildRules = (
			);
			dependencies = (
			);
			name = BSA;
			productName = BSA;
			productReference = C1BB5DB720D1737E004E16C8 /* BSA.app */;
			productType = "com.apple.product-type.application";
		};
/* End PBXNativeTarget section */

/* Begin PBXProject section */
		C1BB5DAF20D1737E004E16C8 /* Project object */ = {
			isa = PBXProject;
			attributes = {
				LastSwiftUpdateCheck = 0940;
				LastUpgradeCheck = 0940;
				ORGANIZATIONNAME = "Onyx Interactive";
				TargetAttributes = {
					C1BB5DB620D1737E004E16C8 = {
						CreatedOnToolsVersion = 9.4;
					};
				};
			};
			buildConfigurationList = C1BB5DB220D1737E004E16C8 /* Build configuration list for PBXProject "BSA" */;
			compatibilityVersion = "Xcode 9.3";
			developmentRegion = en;
			hasScannedForEncodings = 0;
			knownRegions = (
				en,
				Base,
			);
			mainGroup = C1BB5DAE20D1737E004E16C8;
			productRefGroup = C1BB5DB820D1737E004E16C8 /* Products */;
			projectDirPath = "";
			projectRoot = "";
			targets = (
				C1BB5DB620D1737E004E16C8 /* BSA */,
			);
		};
/* End PBXProject section */

/* Begin PBXResourcesBuildPhase section */
		C1BB5DB520D1737E004E16C8 /* Resources */ = {
			isa = PBXResourcesBuildPhase;
			buildActionMask = 2147483647;
			files = (
				C1BB5DC520D17380004E16C8 /* LaunchScreen.storyboard in Resources */,
				C1BB5DC220D17380004E16C8 /* Assets.xcassets in Resources */,
				C114EC7E2120852900DEC649 /* GoogleService-Info.plist in Resources */,
				C1BB5DC020D1737E004E16C8 /* Main.storyboard in Resources */,
			);
			runOnlyForDeploymentPostprocessing = 0;
		};
/* End PBXResourcesBuildPhase section */

/* Begin PBXShellScriptBuildPhase section */
		7D30F8E99F379DF58F244521 /* [CP] Embed Pods Frameworks */ = {
			isa = PBXShellScriptBuildPhase;
			buildActionMask = 2147483647;
			files = (
			);
			inputPaths = (
				"${SRCROOT}/Pods/Target Support Files/Pods-BSA/Pods-BSA-frameworks.sh",
				"${BUILT_PRODUCTS_DIR}/Charts/Charts.framework",
				"${BUILT_PRODUCTS_DIR}/GoogleToolboxForMac/GoogleToolboxForMac.framework",
				"${BUILT_PRODUCTS_DIR}/leveldb-library/leveldb.framework",
				"${BUILT_PRODUCTS_DIR}/nanopb/nanopb.framework",
				"${BUILT_PRODUCTS_DIR}/pop/pop.framework",
			);
			name = "[CP] Embed Pods Frameworks";
			outputPaths = (
				"${TARGET_BUILD_DIR}/${FRAMEWORKS_FOLDER_PATH}/Charts.framework",
				"${TARGET_BUILD_DIR}/${FRAMEWORKS_FOLDER_PATH}/GoogleToolboxForMac.framework",
				"${TARGET_BUILD_DIR}/${FRAMEWORKS_FOLDER_PATH}/leveldb.framework",
				"${TARGET_BUILD_DIR}/${FRAMEWORKS_FOLDER_PATH}/nanopb.framework",
				"${TARGET_BUILD_DIR}/${FRAMEWORKS_FOLDER_PATH}/pop.framework",
			);
			runOnlyForDeploymentPostprocessing = 0;
			shellPath = /bin/sh;
			shellScript = "\"${SRCROOT}/Pods/Target Support Files/Pods-BSA/Pods-BSA-frameworks.sh\"\n";
			showEnvVarsInLog = 0;
		};
		BE63BF0DE0EFB09E6310F1D9 /* [CP] Check Pods Manifest.lock */ = {
			isa = PBXShellScriptBuildPhase;
			buildActionMask = 2147483647;
			files = (
			);
			inputPaths = (
				"${PODS_PODFILE_DIR_PATH}/Podfile.lock",
				"${PODS_ROOT}/Manifest.lock",
			);
			name = "[CP] Check Pods Manifest.lock";
			outputPaths = (
				"$(DERIVED_FILE_DIR)/Pods-BSA-checkManifestLockResult.txt",
			);
			runOnlyForDeploymentPostprocessing = 0;
			shellPath = /bin/sh;
			shellScript = "diff \"${PODS_PODFILE_DIR_PATH}/Podfile.lock\" \"${PODS_ROOT}/Manifest.lock\" > /dev/null\nif [ $? != 0 ] ; then\n    # print error to STDERR\n    echo \"error: The sandbox is not in sync with the Podfile.lock. Run 'pod install' or update your CocoaPods installation.\" >&2\n    exit 1\nfi\n# This output is used by Xcode 'outputs' to avoid re-running this script phase.\necho \"SUCCESS\" > \"${SCRIPT_OUTPUT_FILE_0}\"\n";
			showEnvVarsInLog = 0;
		};
/* End PBXShellScriptBuildPhase section */

/* Begin PBXSourcesBuildPhase section */
		C1BB5DB320D1737E004E16C8 /* Sources */ = {
			isa = PBXSourcesBuildPhase;
			buildActionMask = 2147483647;
			files = (
				C1374A8520D1872A0089E1F4 /* Constants.swift in Sources */,
				C156E5A320FC98A900DDB698 /* ViewReportsButton.swift in Sources */,
				C119041C20F7E209001FD166 /* PeopleStaffCell.swift in Sources */,
				C1AA4DFB20DAA3D10033E9E9 /* IncidentFormSegmentedCell.swift in Sources */,
				C1374A8A20D1A2FF0089E1F4 /* AccountCell.swift in Sources */,
				C1D0882520E53F490047D2E4 /* IndicatorArrow.swift in Sources */,
				C14EC1D720EB7FC200532CB6 /* ClassTabBarController.swift in Sources */,
				C1BB5DD420D17539004E16C8 /* SubtitleBar.swift in Sources */,
				C1BB5DDB20D17546004E16C8 /* UsernameButton.swift in Sources */,
				C1C9401320EA3ED900962E41 /* SchoolClass.swift in Sources */,
				C1D0882020E527CA0047D2E4 /* NotesVC.swift in Sources */,
				C1A17E3F20E79A790004489C /* IncidentFormIntensityCell.swift in Sources */,
				C112DB3B20E960B2009AC85B /* ChartCard.swift in Sources */,
				C1A489722100F3F30099B67D /* LunchIndicatorView.swift in Sources */,
				C18F16DE20E3856B008E0EAF /* BehaviourSelectionVC.swift in Sources */,
				C19D526F20D28225006DB043 /* SubtitleBarArrowLeft.swift in Sources */,
				C19D527320D2AB48006DB043 /* SubtitleBarButton.swift in Sources */,
				C1D0882320E535420047D2E4 /* IntensityIndicator.swift in Sources */,
				C1B3855220F8B81A00E332D0 /* EntityClassSelectionCell.swift in Sources */,
				C1AA4DF320DA6CC00033E9E9 /* IncidentFormSelectionCell.swift in Sources */,
				C1374A9020D1B3070089E1F4 /* MaterialTableView.swift in Sources */,
				C19AA0A921077971007E63E8 /* DataService.swift in Sources */,
				C119041320F7D078001FD166 /* ClassesTableContainerVC.swift in Sources */,
				C1EF33F820D94A3B009D07B9 /* SaveChangesButton.swift in Sources */,
				C1AA4DF720DA913B0033E9E9 /* IncidentFormStepperCell.swift in Sources */,
				C156E5A920FCA4A600DDB698 /* AdminReportsEntityTableContainerVC.swift in Sources */,
				C1CF0ACC210335F1001E5744 /* HorizontalBarChartLegend.swift in Sources */,
				C1B3854A20F8B07A00E332D0 /* EntityClassSelectionVC.swift in Sources */,
				C131D12720E27A5B00B557F8 /* StudentSelectionVC.swift in Sources */,
				C1AA4DF920DA9EC40033E9E9 /* IncidentFormSwitchCell.swift in Sources */,
				C119041A20F7E1EA001FD166 /* PeopleClassCell.swift in Sources */,
				C1BB5DD220D17539004E16C8 /* MaterialObject.swift in Sources */,
				C1B88A2820F632BB00CF0C62 /* PeopleVC.swift in Sources */,
				C10FCFFD20FFA5E900A9F9D5 /* RAGsAndIncidentsDayViewReportContainerVC.swift in Sources */,
				C119041720F7D0A6001FD166 /* StudentsTableContainerVC.swift in Sources */,
				C18F16E720E3949E008E0EAF /* StaffCell.swift in Sources */,
				C112DB3820E9606E009AC85B /* ClassReportsVC.swift in Sources */,
				C1C8CDFA20F9F5E800AD4325 /* StudentDetailsVC.swift in Sources */,
				C17751B22104F5220061FF5E /* DBSeed.swift in Sources */,
				C156E5A720FC9A7F00DDB698 /* AdminReportsIndividualEntityCell.swift in Sources */,
				C1B88A2A20F632D400CF0C62 /* AdminReportsVC.swift in Sources */,
				C1AA4DF020DA65770033E9E9 /* NewIncidentButton.swift in Sources */,
				C114EC802122CE4900DEC649 /* MaterialTextField.swift in Sources */,
				C10FD00120FFA63700A9F9D5 /* IncidentCharacteristicsReportContainerVC.swift in Sources */,
				C1D0881E20E527610047D2E4 /* IntensityIndicatorVC.swift in Sources */,
				C1D0881820E4D4190047D2E4 /* PurposeSelectionVC.swift in Sources */,
				C1EF33FB20D94BB5009D07B9 /* RAGAssessmentCell.swift in Sources */,
				C148F8DE20D5078600585BE6 /* RAGAssessmentsVC.swift in Sources */,
				C1D0881620E4D36A0047D2E4 /* StaffSelectionVC.swift in Sources */,
				C1C9401520EA544100962E41 /* ReportItem.swift in Sources */,
				C1AA4DFD20DAA7270033E9E9 /* IncidentFormTextAreaCell.swift in Sources */,
				C14EC1DD20EC2E9A00532CB6 /* MaterialTableViewCell.swift in Sources */,
				C1BB5DDD20D17546004E16C8 /* LoginVC.swift in Sources */,
				C1D0881A20E4D7070047D2E4 /* Staff.swift in Sources */,
				C19D527520D2AC38006DB043 /* SubtitleLabel.swift in Sources */,
				C194E13120EE3C1100414F41 /* PeriodButtonArrowView.swift in Sources */,
				C1BB5DBB20D1737E004E16C8 /* AppDelegate.swift in Sources */,
				C119041520F7D095001FD166 /* StaffTableContainerVC.swift in Sources */,
				C1AA4E0220DAEE8F0033E9E9 /* DateTimePickerVC.swift in Sources */,
				C1C8CDF820F9F5DB00AD4325 /* StaffDetailsVC.swift in Sources */,
				C1C8CDF620F9F5C800AD4325 /* ClassDetailsVC.swift in Sources */,
				C194E13520EE77D000414F41 /* UserAccount.swift in Sources */,
				C1A4897621012B2C0099B67D /* RAGsAndIncidentsChartWeekViewXAxisFormatter.swift in Sources */,
				C1374A9220D1B3600089E1F4 /* LoginButton.swift in Sources */,
				C1BB5DD120D17539004E16C8 /* MaterialButton.swift in Sources */,
				C1A4896E2100F37D0099B67D /* LineLegendView.swift in Sources */,
				C1EA1399210B126C0041C154 /* AdminReportAnalysis.swift in Sources */,
				C10FCFFB20FF51F900A9F9D5 /* AdminReportsDataVC.swift in Sources */,
				C19D527120D28245006DB043 /* SubtitleBarArrowRight.swift in Sources */,
				C10FCFFF20FFA61300A9F9D5 /* RAGsAndIncidentsWeekViewReportContainerVC.swift in Sources */,
				C1AA4DED20DA650F0033E9E9 /* IncidentFormVC.swift in Sources */,
				C1BB5DDE20D17546004E16C8 /* AnimationEngine.swift in Sources */,
				C112DB3620E8D24A009AC85B /* Incident.swift in Sources */,
				C19AA0AB2107CBDC007E63E8 /* ClassReportAnalysis.swift in Sources */,
				C119041E20F7E216001FD166 /* PeopleStudentCell.swift in Sources */,
				C1CF0AD021038996001E5744 /* AdminReportDataSet.swift in Sources */,
				C1B3854E20F8B7E800E332D0 /* EntityDetailsTextFieldCell.swift in Sources */,
				C1A489742100FDA50099B67D /* ChartDashedMaxValueIndicator.swift in Sources */,
				C1CAF20F20D3B81A004F2190 /* PeriodButton.swift in Sources */,
				C156E5A520FC9A6100DDB698 /* AdminReportsEntityGroupCell.swift in Sources */,
				C18F16E320E3919F008E0EAF /* BehaviourCell.swift in Sources */,
				C1BB5DD320D17539004E16C8 /* ActionButton.swift in Sources */,
				C1AA4DF520DA76FA0033E9E9 /* CellArrowView.swift in Sources */,
				C131D12A20E281C600B557F8 /* StudentCell.swift in Sources */,
				C1A4896C2100F33B0099B67D /* BarLegendView.swift in Sources */,
				C1AA4DEB20DA648A0033E9E9 /* IncidentsVC.swift in Sources */,
				C1B88A2C20F64CC600CF0C62 /* AdminTabBarController.swift in Sources */,
				C14EC1D920EC1E8300532CB6 /* TransparentCell.swift in Sources */,
				C1A489702100F3CD0099B67D /* RAGsAndIncidentsChartDayViewXAxisFormatter.swift in Sources */,
				C1CF0ACE2103361E001E5744 /* PercentFormatter.swift in Sources */,
				C1374A8E20D1B2370089E1F4 /* OKButton.swift in Sources */,
				C18F16E920E394B0008E0EAF /* PurposeCell.swift in Sources */,
				C1C9401120EA367600962E41 /* ClassReportDataSet.swift in Sources */,
				C17751B0210483840061FF5E /* RAGAssessment.swift in Sources */,
				C194E13320EE3C8900414F41 /* PeriodButtonStatusLabel.swift in Sources */,
				C1EF33FD20D94D06009D07B9 /* Student.swift in Sources */,
				C19D526C20D27959006DB043 /* RAGVC.swift in Sources */,
				C17751AE2103CA240061FF5E /* SelectionIndicator.swift in Sources */,
				C1AA4E0020DAEDE20033E9E9 /* MaterialDatePicker.swift in Sources */,
				C1B3855020F8B80200E332D0 /* EntityDetailsSelectionCell.swift in Sources */,
			);
			runOnlyForDeploymentPostprocessing = 0;
		};
/* End PBXSourcesBuildPhase section */

/* Begin PBXVariantGroup section */
		C1BB5DBE20D1737E004E16C8 /* Main.storyboard */ = {
			isa = PBXVariantGroup;
			children = (
				C1BB5DBF20D1737E004E16C8 /* Base */,
			);
			name = Main.storyboard;
			sourceTree = "<group>";
		};
		C1BB5DC320D17380004E16C8 /* LaunchScreen.storyboard */ = {
			isa = PBXVariantGroup;
			children = (
				C1BB5DC420D17380004E16C8 /* Base */,
			);
			name = LaunchScreen.storyboard;
			sourceTree = "<group>";
		};
/* End PBXVariantGroup section */

/* Begin XCBuildConfiguration section */
		C1BB5DC720D17380004E16C8 /* Debug */ = {
			isa = XCBuildConfiguration;
			buildSettings = {
				ALWAYS_SEARCH_USER_PATHS = NO;
				CLANG_ANALYZER_NONNULL = YES;
				CLANG_ANALYZER_NUMBER_OBJECT_CONVERSION = YES_AGGRESSIVE;
				CLANG_CXX_LANGUAGE_STANDARD = "gnu++14";
				CLANG_CXX_LIBRARY = "libc++";
				CLANG_ENABLE_MODULES = YES;
				CLANG_ENABLE_OBJC_ARC = YES;
				CLANG_ENABLE_OBJC_WEAK = YES;
				CLANG_WARN_BLOCK_CAPTURE_AUTORELEASING = YES;
				CLANG_WARN_BOOL_CONVERSION = YES;
				CLANG_WARN_COMMA = YES;
				CLANG_WARN_CONSTANT_CONVERSION = YES;
				CLANG_WARN_DEPRECATED_OBJC_IMPLEMENTATIONS = YES;
				CLANG_WARN_DIRECT_OBJC_ISA_USAGE = YES_ERROR;
				CLANG_WARN_DOCUMENTATION_COMMENTS = YES;
				CLANG_WARN_EMPTY_BODY = YES;
				CLANG_WARN_ENUM_CONVERSION = YES;
				CLANG_WARN_INFINITE_RECURSION = YES;
				CLANG_WARN_INT_CONVERSION = YES;
				CLANG_WARN_NON_LITERAL_NULL_CONVERSION = YES;
				CLANG_WARN_OBJC_IMPLICIT_RETAIN_SELF = YES;
				CLANG_WARN_OBJC_LITERAL_CONVERSION = YES;
				CLANG_WARN_OBJC_ROOT_CLASS = YES_ERROR;
				CLANG_WARN_RANGE_LOOP_ANALYSIS = YES;
				CLANG_WARN_STRICT_PROTOTYPES = YES;
				CLANG_WARN_SUSPICIOUS_MOVE = YES;
				CLANG_WARN_UNGUARDED_AVAILABILITY = YES_AGGRESSIVE;
				CLANG_WARN_UNREACHABLE_CODE = YES;
				CLANG_WARN__DUPLICATE_METHOD_MATCH = YES;
				CODE_SIGN_IDENTITY = "iPhone Developer";
				COPY_PHASE_STRIP = NO;
				DEBUG_INFORMATION_FORMAT = dwarf;
				ENABLE_STRICT_OBJC_MSGSEND = YES;
				ENABLE_TESTABILITY = YES;
				FRAMEWORK_SEARCH_PATHS = "$(SRCROOT)/**";
				GCC_C_LANGUAGE_STANDARD = gnu11;
				GCC_DYNAMIC_NO_PIC = NO;
				GCC_NO_COMMON_BLOCKS = YES;
				GCC_OPTIMIZATION_LEVEL = 0;
				GCC_PREPROCESSOR_DEFINITIONS = (
					"DEBUG=1",
					"$(inherited)",
				);
				GCC_WARN_64_TO_32_BIT_CONVERSION = YES;
				GCC_WARN_ABOUT_RETURN_TYPE = YES_ERROR;
				GCC_WARN_UNDECLARED_SELECTOR = YES;
				GCC_WARN_UNINITIALIZED_AUTOS = YES_AGGRESSIVE;
				GCC_WARN_UNUSED_FUNCTION = YES;
				GCC_WARN_UNUSED_VARIABLE = YES;
				IPHONEOS_DEPLOYMENT_TARGET = 11.4;
				MTL_ENABLE_DEBUG_INFO = YES;
				ONLY_ACTIVE_ARCH = YES;
				SDKROOT = iphoneos;
				SWIFT_ACTIVE_COMPILATION_CONDITIONS = DEBUG;
				SWIFT_OPTIMIZATION_LEVEL = "-Onone";
			};
			name = Debug;
		};
		C1BB5DC820D17380004E16C8 /* Release */ = {
			isa = XCBuildConfiguration;
			buildSettings = {
				ALWAYS_SEARCH_USER_PATHS = NO;
				CLANG_ANALYZER_NONNULL = YES;
				CLANG_ANALYZER_NUMBER_OBJECT_CONVERSION = YES_AGGRESSIVE;
				CLANG_CXX_LANGUAGE_STANDARD = "gnu++14";
				CLANG_CXX_LIBRARY = "libc++";
				CLANG_ENABLE_MODULES = YES;
				CLANG_ENABLE_OBJC_ARC = YES;
				CLANG_ENABLE_OBJC_WEAK = YES;
				CLANG_WARN_BLOCK_CAPTURE_AUTORELEASING = YES;
				CLANG_WARN_BOOL_CONVERSION = YES;
				CLANG_WARN_COMMA = YES;
				CLANG_WARN_CONSTANT_CONVERSION = YES;
				CLANG_WARN_DEPRECATED_OBJC_IMPLEMENTATIONS = YES;
				CLANG_WARN_DIRECT_OBJC_ISA_USAGE = YES_ERROR;
				CLANG_WARN_DOCUMENTATION_COMMENTS = YES;
				CLANG_WARN_EMPTY_BODY = YES;
				CLANG_WARN_ENUM_CONVERSION = YES;
				CLANG_WARN_INFINITE_RECURSION = YES;
				CLANG_WARN_INT_CONVERSION = YES;
				CLANG_WARN_NON_LITERAL_NULL_CONVERSION = YES;
				CLANG_WARN_OBJC_IMPLICIT_RETAIN_SELF = YES;
				CLANG_WARN_OBJC_LITERAL_CONVERSION = YES;
				CLANG_WARN_OBJC_ROOT_CLASS = YES_ERROR;
				CLANG_WARN_RANGE_LOOP_ANALYSIS = YES;
				CLANG_WARN_STRICT_PROTOTYPES = YES;
				CLANG_WARN_SUSPICIOUS_MOVE = YES;
				CLANG_WARN_UNGUARDED_AVAILABILITY = YES_AGGRESSIVE;
				CLANG_WARN_UNREACHABLE_CODE = YES;
				CLANG_WARN__DUPLICATE_METHOD_MATCH = YES;
				CODE_SIGN_IDENTITY = "iPhone Developer";
				COPY_PHASE_STRIP = NO;
				DEBUG_INFORMATION_FORMAT = "dwarf-with-dsym";
				ENABLE_NS_ASSERTIONS = NO;
				ENABLE_STRICT_OBJC_MSGSEND = YES;
				FRAMEWORK_SEARCH_PATHS = "$(SRCROOT)/**";
				GCC_C_LANGUAGE_STANDARD = gnu11;
				GCC_NO_COMMON_BLOCKS = YES;
				GCC_WARN_64_TO_32_BIT_CONVERSION = YES;
				GCC_WARN_ABOUT_RETURN_TYPE = YES_ERROR;
				GCC_WARN_UNDECLARED_SELECTOR = YES;
				GCC_WARN_UNINITIALIZED_AUTOS = YES_AGGRESSIVE;
				GCC_WARN_UNUSED_FUNCTION = YES;
				GCC_WARN_UNUSED_VARIABLE = YES;
				IPHONEOS_DEPLOYMENT_TARGET = 11.4;
				MTL_ENABLE_DEBUG_INFO = NO;
				SDKROOT = iphoneos;
				SWIFT_COMPILATION_MODE = wholemodule;
				SWIFT_OPTIMIZATION_LEVEL = "-O";
				VALIDATE_PRODUCT = YES;
			};
			name = Release;
		};
		C1BB5DCA20D17380004E16C8 /* Debug */ = {
			isa = XCBuildConfiguration;
			baseConfigurationReference = EE0B44BC19C7FF94F144BE20 /* Pods-BSA.debug.xcconfig */;
			buildSettings = {
				ALWAYS_SEARCH_USER_PATHS = NO;
				ASSETCATALOG_COMPILER_APPICON_NAME = AppIcon;
				CODE_SIGN_STYLE = Automatic;
				DEVELOPMENT_TEAM = NBHGMCQ443;
				FRAMEWORK_SEARCH_PATHS = (
					"$(inherited)/**",
					"$(SRCROOT)",
					"\"${PODS_CONFIGURATION_BUILD_DIR}/Charts\"/**",
					"\"${PODS_CONFIGURATION_BUILD_DIR}/pop\"/**",
				);
				INFOPLIST_FILE = "$(SRCROOT)/Info.plist";
				IPHONEOS_DEPLOYMENT_TARGET = 10.0;
				LD_RUNPATH_SEARCH_PATHS = (
					"$(inherited)",
					"@executable_path/Frameworks",
				);
				PRODUCT_BUNDLE_IDENTIFIER = co.uk.onyxinteractive.BSA.ipad;
				PRODUCT_NAME = "$(TARGET_NAME)";
				SWIFT_VERSION = 4.0;
				TARGETED_DEVICE_FAMILY = "1,2";
			};
			name = Debug;
		};
		C1BB5DCB20D17380004E16C8 /* Release */ = {
			isa = XCBuildConfiguration;
			baseConfigurationReference = 9D3259D5D2FCDCDDD62D6D2A /* Pods-BSA.release.xcconfig */;
			buildSettings = {
				ALWAYS_SEARCH_USER_PATHS = NO;
				ASSETCATALOG_COMPILER_APPICON_NAME = AppIcon;
				CODE_SIGN_STYLE = Automatic;
				DEVELOPMENT_TEAM = NBHGMCQ443;
				FRAMEWORK_SEARCH_PATHS = (
					"$(inherited)/**",
					"$(SRCROOT)",
					"\"${PODS_CONFIGURATION_BUILD_DIR}/Charts\"/**",
					"\"${PODS_CONFIGURATION_BUILD_DIR}/pop\"/**",
				);
				INFOPLIST_FILE = "$(SRCROOT)/Info.plist";
				IPHONEOS_DEPLOYMENT_TARGET = 10.0;
				LD_RUNPATH_SEARCH_PATHS = (
					"$(inherited)",
					"@executable_path/Frameworks",
				);
				PRODUCT_BUNDLE_IDENTIFIER = co.uk.onyxinteractive.BSA.ipad;
				PRODUCT_NAME = "$(TARGET_NAME)";
				SWIFT_VERSION = 4.0;
				TARGETED_DEVICE_FAMILY = "1,2";
			};
			name = Release;
		};
/* End XCBuildConfiguration section */

/* Begin XCConfigurationList section */
		C1BB5DB220D1737E004E16C8 /* Build configuration list for PBXProject "BSA" */ = {
			isa = XCConfigurationList;
			buildConfigurations = (
				C1BB5DC720D17380004E16C8 /* Debug */,
				C1BB5DC820D17380004E16C8 /* Release */,
			);
			defaultConfigurationIsVisible = 0;
			defaultConfigurationName = Release;
		};
		C1BB5DC920D17380004E16C8 /* Build configuration list for PBXNativeTarget "BSA" */ = {
			isa = XCConfigurationList;
			buildConfigurations = (
				C1BB5DCA20D17380004E16C8 /* Debug */,
				C1BB5DCB20D17380004E16C8 /* Release */,
			);
			defaultConfigurationIsVisible = 0;
			defaultConfigurationName = Release;
		};
/* End XCConfigurationList section */
	};
	rootObject = C1BB5DAF20D1737E004E16C8 /* Project object */;
}
